
Microsoft Visual Studio Solution File, Format Version 12.00
# Visual Studio Version 16
VisualStudioVersion = 16.0.29209.62
MinimumVisualStudioVersion = 10.0.40219.1
Project("{FAE04EC0-301F-11D3-BF4B-00C04F79EFBC}") = "SolidDesignPrinciples", "SolidDesignPrinciples\SolidDesignPrinciples.csproj", "{09711EF4-E525-4253-A907-434248C23184}"
EndProject
Global
	GlobalSection(SolutionConfigurationPlatforms) = preSolution
		Debug|Any CPU = Debug|Any CPU
		Release|Any CPU = Release|Any CPU
	EndGlobalSection
	GlobalSection(ProjectConfigurationPlatforms) = postSolution
		{09711EF4-E525-4253-A907-434248C23184}.Debug|Any CPU.ActiveCfg = Debug|Any CPU
		{09711EF4-E525-4253-A907-434248C23184}.Debug|Any CPU.Build.0 = Debug|Any CPU
		{09711EF4-E525-4253-A907-434248C23184}.Release|Any CPU.ActiveCfg = Release|Any CPU
		{09711EF4-E525-4253-A907-434248C23184}.Release|Any CPU.Build.0 = Release|Any CPU
	EndGlobalSection
	GlobalSection(SolutionProperties) = preSolution
		HideSolutionNode = FALSE
	EndGlobalSection
	GlobalSection(ExtensibilityGlobals) = postSolution
		SolutionGuid = {3B1CC890-61CA-48CF-AF89-665548938248}
	EndGlobalSection
	GlobalSection(TeamFoundationVersionControl) = preSolution
		SccNumberOfProjects = 2
		SccEnterpriseProvider = {4CA58AB2-18FA-4F8D-95D4-32DDF27D184C}
		SccTeamFoundationServer = https://subhra2018.visualstudio.com/
		SccLocalPath0 = .
		SccProjectUniqueName1 = SolidDesignPrinciples\\SolidDesignPrinciples.csproj
		SccProjectName1 = SolidDesignPrinciples
		SccLocalPath1 = SolidDesignPrinciples
	EndGlobalSection
EndGlobal
