
Microsoft Visual Studio Solution File, Format Version 12.00
# Visual Studio Version 17
VisualStudioVersion = 17.5.33516.290
MinimumVisualStudioVersion = 10.0.40219.1
Project("{FAE04EC0-301F-11D3-BF4B-00C04F79EFBC}") = "FactoryPattern", "FactoryPattern\FactoryPattern.csproj", "{E33EE232-AE1F-4D57-85AB-584DC927E423}"
EndProject
Project("{9A19103F-16F7-4668-BE54-9A1E7A4F7556}") = "FactoryMethodPattern", "FactoryMethodPattern\FactoryMethodPattern.csproj", "{9B3D1211-A7AC-4F20-B672-BB8808E30A98}"
EndProject
Project("{FAE04EC0-301F-11D3-BF4B-00C04F79EFBC}") = "AbstractFactoryPattern", "AbstractFactoryPattern\AbstractFactoryPattern.csproj", "{B0CF0E55-4819-4D94-A7ED-41E240B8406F}"
EndProject
Project("{FAE04EC0-301F-11D3-BF4B-00C04F79EFBC}") = "SingletonPattern", "..\SingletonPattern\SingletonPattern\SingletonPattern.csproj", "{729E741E-BEF5-4446-9CAC-D3AA011F23B6}"
EndProject
Global
	GlobalSection(SolutionConfigurationPlatforms) = preSolution
		Debug|Any CPU = Debug|Any CPU
		Release|Any CPU = Release|Any CPU
	EndGlobalSection
	GlobalSection(ProjectConfigurationPlatforms) = postSolution
		{E33EE232-AE1F-4D57-85AB-584DC927E423}.Debug|Any CPU.ActiveCfg = Debug|Any CPU
		{E33EE232-AE1F-4D57-85AB-584DC927E423}.Debug|Any CPU.Build.0 = Debug|Any CPU
		{E33EE232-AE1F-4D57-85AB-584DC927E423}.Release|Any CPU.ActiveCfg = Release|Any CPU
		{E33EE232-AE1F-4D57-85AB-584DC927E423}.Release|Any CPU.Build.0 = Release|Any CPU
		{9B3D1211-A7AC-4F20-B672-BB8808E30A98}.Debug|Any CPU.ActiveCfg = Debug|Any CPU
		{9B3D1211-A7AC-4F20-B672-BB8808E30A98}.Debug|Any CPU.Build.0 = Debug|Any CPU
		{9B3D1211-A7AC-4F20-B672-BB8808E30A98}.Release|Any CPU.ActiveCfg = Release|Any CPU
		{9B3D1211-A7AC-4F20-B672-BB8808E30A98}.Release|Any CPU.Build.0 = Release|Any CPU
		{B0CF0E55-4819-4D94-A7ED-41E240B8406F}.Debug|Any CPU.ActiveCfg = Debug|Any CPU
		{B0CF0E55-4819-4D94-A7ED-41E240B8406F}.Debug|Any CPU.Build.0 = Debug|Any CPU
		{B0CF0E55-4819-4D94-A7ED-41E240B8406F}.Release|Any CPU.ActiveCfg = Release|Any CPU
		{B0CF0E55-4819-4D94-A7ED-41E240B8406F}.Release|Any CPU.Build.0 = Release|Any CPU
		{729E741E-BEF5-4446-9CAC-D3AA011F23B6}.Debug|Any CPU.ActiveCfg = Debug|Any CPU
		{729E741E-BEF5-4446-9CAC-D3AA011F23B6}.Debug|Any CPU.Build.0 = Debug|Any CPU
		{729E741E-BEF5-4446-9CAC-D3AA011F23B6}.Release|Any CPU.ActiveCfg = Release|Any CPU
		{729E741E-BEF5-4446-9CAC-D3AA011F23B6}.Release|Any CPU.Build.0 = Release|Any CPU
	EndGlobalSection
	GlobalSection(SolutionProperties) = preSolution
		HideSolutionNode = FALSE
	EndGlobalSection
	GlobalSection(ExtensibilityGlobals) = postSolution
		SolutionGuid = {CE3D22C4-6FEC-469D-843B-FAE939C69C22}
	EndGlobalSection
EndGlobal
