
Microsoft Visual Studio Solution File, Format Version 12.00
# Visual Studio Version 17
VisualStudioVersion = 17.5.33516.290
MinimumVisualStudioVersion = 10.0.40219.1
Project("{FAE04EC0-301F-11D3-BF4B-00C04F79EFBC}") = "FactoryPattern", "FactoryPattern\FactoryPattern.csproj", "{E33EE232-AE1F-4D57-85AB-584DC927E423}"
EndProject
Project("{FAE04EC0-301F-11D3-BF4B-00C04F79EFBC}") = "FactoryMethodPattern", "FactoryMethodPattern\FactoryMethodPattern.csproj", "{9B3D1211-A7AC-4F20-B672-BB8808E30A98}"
EndProject
Global
	GlobalSection(SolutionConfigurationPlatforms) = preSolution
		Debug|Any CPU = Debug|Any CPU
		Release|Any CPU = Release|Any CPU
	EndGlobalSection
	GlobalSection(ProjectConfigurationPlatforms) = postSolution
		{E33EE232-AE1F-4D57-85AB-584DC927E423}.Debug|Any CPU.ActiveCfg = Debug|Any CPU
		{E33EE232-AE1F-4D57-85AB-584DC927E423}.Debug|Any CPU.Build.0 = Debug|Any CPU
		{E33EE232-AE1F-4D57-85AB-584DC927E423}.Release|Any CPU.ActiveCfg = Release|Any CPU
		{E33EE232-AE1F-4D57-85AB-584DC927E423}.Release|Any CPU.Build.0 = Release|Any CPU
		{9B3D1211-A7AC-4F20-B672-BB8808E30A98}.Debug|Any CPU.ActiveCfg = Debug|Any CPU
		{9B3D1211-A7AC-4F20-B672-BB8808E30A98}.Debug|Any CPU.Build.0 = Debug|Any CPU
		{9B3D1211-A7AC-4F20-B672-BB8808E30A98}.Release|Any CPU.ActiveCfg = Release|Any CPU
		{9B3D1211-A7AC-4F20-B672-BB8808E30A98}.Release|Any CPU.Build.0 = Release|Any CPU
	EndGlobalSection
	GlobalSection(SolutionProperties) = preSolution
		HideSolutionNode = FALSE
	EndGlobalSection
	GlobalSection(ExtensibilityGlobals) = postSolution
		SolutionGuid = {CE3D22C4-6FEC-469D-843B-FAE939C69C22}
	EndGlobalSection
	GlobalSection(TeamFoundationVersionControl) = preSolution
		SccNumberOfProjects = 3
		SccEnterpriseProvider = {4CA58AB2-18FA-4F8D-95D4-32DDF27D184C}
		SccTeamFoundationServer = https://subhra2018.visualstudio.com/
		SccProjectUniqueName0 = FactoryPattern\\FactoryPattern.csproj
		SccProjectName0 = FactoryPattern
		SccLocalPath0 = FactoryPattern
		SccProjectUniqueName1 = FactoryMethodPattern\\FactoryMethodPattern.csproj
		SccProjectName1 = FactoryMethodPattern
		SccLocalPath1 = FactoryMethodPattern
		SccLocalPath2 = .
	EndGlobalSection
EndGlobal
